PODS:
  - AEXML (4.1.0)
  - FormatterKit/Resources (1.8.2)
  - FormatterKit/URLRequestFormatter (1.8.2):
    - FormatterKit/Resources
  - Gnomon/Core (3.0.1):
    - FormatterKit/URLRequestFormatter (>= 1.8.2)
    - RxSwift (~> 4.0)
  - Gnomon/JSON (3.0.1):
    - Gnomon/Core
    - SwiftyJSON (~> 3.0)
  - Gnomon/XML (3.0.1):
    - AEXML (~> 4)
    - Gnomon/Core
  - Nimble (7.0.2)
  - RxBlocking (4.0.0):
    - RxSwift (~> 4.0)
  - RxSwift (4.0.0)
  - SwiftLint (0.23.1)
  - SwiftyJSON (3.1.4)

DEPENDENCIES:
  - Gnomon/Core (from `.`)
  - Gnomon/JSON (from `.`)
  - Gnomon/XML (from `.`)
  - Nimble (~> 7.0)
  - RxBlocking
  - SwiftLint

EXTERNAL SOURCES:
  Gnomon:
    :path: .

SPEC CHECKSUMS:
  AEXML: 647fbb051280f3fb38a1a7caa62b0344055a851c
  FormatterKit: 4b8f29acc9b872d5d12a63efb560661e8f2e1b98
  Gnomon: e6d2693f6ace0196e45bc0ca13b78ea9cd4a3ef6
  Nimble: bfe1f814edabba69ff145cb1283e04ed636a67f2
  RxBlocking: 923c2c8106d80d7c2d6b276afd66ce3b10824836
  RxSwift: fd680d75283beb5e2559486f3c0ff852f0d35334
  SwiftLint: 1b670ce79284c76520f84060e87d645078fd32fa
  SwiftyJSON: c2842d878f95482ffceec5709abc3d05680c0220

PODFILE CHECKSUM: 8e27b8e84a7e68edf1518ca7751e3850f462d9f8

COCOAPODS: 1.3.1
