PODS:
  - AEXML (4.5.0)
  - Gnomon/Core (5.2.0):
    - RxSwift (~> 5)
  - Gnomon/Decodable (5.2.0):
    - Gnomon/Core
  - Gnomon/JSON (5.2.0):
    - Gnomon/Core
    - SwiftyJSON (~> 5)
  - Gnomon/XML (5.2.0):
    - AEXML (~> 4.2)
    - Gnomon/Core
  - Nimble (7.3.4)
  - RxBlocking (5.0.1):
    - RxSwift (~> 5)
  - RxSwift (5.0.1)
  - SwiftLint (0.37.0)
  - SwiftyJSON (5.0.0)

DEPENDENCIES:
  - Gnomon/Core (from `.`)
  - Gnomon/Decodable (from `.`)
  - Gnomon/JSON (from `.`)
  - Gnomon/XML (from `.`)
  - Nimble (~> 7.0)
  - RxBlocking
  - SwiftLint (~> 0.27)

SPEC REPOS:
  https://github.com/cocoapods/specs.git:
    - AEXML
    - Nimble
    - RxBlocking
    - RxSwift
    - SwiftLint
    - SwiftyJSON

EXTERNAL SOURCES:
  Gnomon:
    :path: "."

SPEC CHECKSUMS:
  AEXML: 0e8f1d874fa033ca6b3909452a8bc362faad46e6
  Gnomon: 0f95e89116badf243250721b378c6a0fd5021a71
  Nimble: 051e3d8912d40138fa5591c78594f95fb172af37
  RxBlocking: c5e090f42d046df8b0e7752742510f349963710f
  RxSwift: e2dc62b366a3adf6a0be44ba9f405efd4c94e0c4
  SwiftLint: c078a14d7d7ade75e5507795d185e3da41d844d2
  SwiftyJSON: 36413e04c44ee145039d332b4f4e2d3e8d6c4db7

PODFILE CHECKSUM: 94b0976b7a668ed06601438847d588dfa12ea490

COCOAPODS: 1.7.5
