// !$*UTF8*$!
{
	archiveVersion = 1;
	classes = {
	};
	objectVersion = 46;
	objects = {

/* Begin PBXBuildFile section */
		3AB8BBCC7D6B3A63F74773DE /* Pods_Tests_iOSTests.framework in Frameworks */ = {isa = PBXBuildFile; fileRef = CECD4C2682324E936658247B /* Pods_Tests_iOSTests.framework */; };
		4558D11918401AB38E8E1786 /* Pods_Tests_tvOSTests.framework in Frameworks */ = {isa = PBXBuildFile; fileRef = 9632BBA3EEFC5F2F3D3ECF19 /* Pods_Tests_tvOSTests.framework */; };
		B50224A51F7AB20800C1015F /* Params.swift in Sources */ = {isa = PBXBuildFile; fileRef = B52E0D161F34612600ADF444 /* Params.swift */; };
		B50CAFD51FA3C43600601EE9 /* Params.swift in Sources */ = {isa = PBXBuildFile; fileRef = B52E0D161F34612600ADF444 /* Params.swift */; };
		B50CAFD61FA3C43800601EE9 /* Params.swift in Sources */ = {isa = PBXBuildFile; fileRef = B52E0D161F34612600ADF444 /* Params.swift */; };
		B52100DE1FCD66E100C031C2 /* image.png in Resources */ = {isa = PBXBuildFile; fileRef = B52100DD1FCD66E100C031C2 /* image.png */; };
		B52100DF1FCD66E100C031C2 /* image.png in Resources */ = {isa = PBXBuildFile; fileRef = B52100DD1FCD66E100C031C2 /* image.png */; };
		B52100E01FCD66E100C031C2 /* image.png in Resources */ = {isa = PBXBuildFile; fileRef = B52100DD1FCD66E100C031C2 /* image.png */; };
		B52E0CEB1F1696B9007E0478 /* test_file.zip in Resources */ = {isa = PBXBuildFile; fileRef = B52E0CDE1F1696B9007E0478 /* test_file.zip */; };
		B52E0CF81F16970C007E0478 /* test_file.zip in Resources */ = {isa = PBXBuildFile; fileRef = B52E0CDE1F1696B9007E0478 /* test_file.zip */; };
		B58927522040422300C17F0F /* XMLSpec.swift in Sources */ = {isa = PBXBuildFile; fileRef = B5B08E6D1F53578500D78597 /* XMLSpec.swift */; };
		B58927532040422400C17F0F /* XMLSpec.swift in Sources */ = {isa = PBXBuildFile; fileRef = B5B08E6D1F53578500D78597 /* XMLSpec.swift */; };
		B58927542040422400C17F0F /* XMLSpec.swift in Sources */ = {isa = PBXBuildFile; fileRef = B5B08E6D1F53578500D78597 /* XMLSpec.swift */; };
		B58927552040446900C17F0F /* XPathSpec.swift in Sources */ = {isa = PBXBuildFile; fileRef = B52E0CDC1F1696B9007E0478 /* XPathSpec.swift */; };
		B58927562040446900C17F0F /* XPathSpec.swift in Sources */ = {isa = PBXBuildFile; fileRef = B52E0CDC1F1696B9007E0478 /* XPathSpec.swift */; };
		B58927572040446A00C17F0F /* XPathSpec.swift in Sources */ = {isa = PBXBuildFile; fileRef = B52E0CDC1F1696B9007E0478 /* XPathSpec.swift */; };
		B58927582040498D00C17F0F /* CacheAndFetchSpec.swift in Sources */ = {isa = PBXBuildFile; fileRef = B52E0CDA1F1696B9007E0478 /* CacheAndFetchSpec.swift */; };
		B58927592040498D00C17F0F /* CacheSpec.swift in Sources */ = {isa = PBXBuildFile; fileRef = B52E0CD81F1696B9007E0478 /* CacheSpec.swift */; };
		B589275A2040498D00C17F0F /* CertificateSpec.swift in Sources */ = {isa = PBXBuildFile; fileRef = B5B08E691F53568100D78597 /* CertificateSpec.swift */; };
		B589275B2040498D00C17F0F /* ChainRequestSpec.swift in Sources */ = {isa = PBXBuildFile; fileRef = B52E0CDD1F1696B9007E0478 /* ChainRequestSpec.swift */; };
		B589275C2040498D00C17F0F /* CookiesSpec.swift in Sources */ = {isa = PBXBuildFile; fileRef = B52E0CD71F1696B9007E0478 /* CookiesSpec.swift */; };
		B589275D2040498D00C17F0F /* DecodableSpec.swift in Sources */ = {isa = PBXBuildFile; fileRef = B502249F1F7AB10C00C1015F /* DecodableSpec.swift */; };
		B589275E2040498D00C17F0F /* InterceptorSpec.swift in Sources */ = {isa = PBXBuildFile; fileRef = B5B08E651F53561300D78597 /* InterceptorSpec.swift */; };
		B589275F2040498D00C17F0F /* LoggingSpec.swift in Sources */ = {isa = PBXBuildFile; fileRef = B5F99A061F66997400B46E70 /* LoggingSpec.swift */; };
		B58927602040498D00C17F0F /* MultipartSpec.swift in Sources */ = {isa = PBXBuildFile; fileRef = B52E0CD91F1696B9007E0478 /* MultipartSpec.swift */; };
		B58927612040498D00C17F0F /* MultipleRequestsSpec.swift in Sources */ = {isa = PBXBuildFile; fileRef = B52E0CD51F1696B9007E0478 /* MultipleRequestsSpec.swift */; };
		B58927622040498D00C17F0F /* ParamsEncodingSpec.swift in Sources */ = {isa = PBXBuildFile; fileRef = B52E0CDB1F1696B9007E0478 /* ParamsEncodingSpec.swift */; };
		B58927632040498D00C17F0F /* CacheAndFetchSpec.swift in Sources */ = {isa = PBXBuildFile; fileRef = B52E0CDA1F1696B9007E0478 /* CacheAndFetchSpec.swift */; };
		B58927642040498D00C17F0F /* CacheSpec.swift in Sources */ = {isa = PBXBuildFile; fileRef = B52E0CD81F1696B9007E0478 /* CacheSpec.swift */; };
		B58927652040498D00C17F0F /* CertificateSpec.swift in Sources */ = {isa = PBXBuildFile; fileRef = B5B08E691F53568100D78597 /* CertificateSpec.swift */; };
		B58927662040498D00C17F0F /* ChainRequestSpec.swift in Sources */ = {isa = PBXBuildFile; fileRef = B52E0CDD1F1696B9007E0478 /* ChainRequestSpec.swift */; };
		B58927672040498D00C17F0F /* CookiesSpec.swift in Sources */ = {isa = PBXBuildFile; fileRef = B52E0CD71F1696B9007E0478 /* CookiesSpec.swift */; };
		B58927682040498D00C17F0F /* DecodableSpec.swift in Sources */ = {isa = PBXBuildFile; fileRef = B502249F1F7AB10C00C1015F /* DecodableSpec.swift */; };
		B58927692040498D00C17F0F /* InterceptorSpec.swift in Sources */ = {isa = PBXBuildFile; fileRef = B5B08E651F53561300D78597 /* InterceptorSpec.swift */; };
		B589276A2040498D00C17F0F /* LoggingSpec.swift in Sources */ = {isa = PBXBuildFile; fileRef = B5F99A061F66997400B46E70 /* LoggingSpec.swift */; };
		B589276B2040498D00C17F0F /* MultipartSpec.swift in Sources */ = {isa = PBXBuildFile; fileRef = B52E0CD91F1696B9007E0478 /* MultipartSpec.swift */; };
		B589276C2040498D00C17F0F /* MultipleRequestsSpec.swift in Sources */ = {isa = PBXBuildFile; fileRef = B52E0CD51F1696B9007E0478 /* MultipleRequestsSpec.swift */; };
		B589276D2040498D00C17F0F /* ParamsEncodingSpec.swift in Sources */ = {isa = PBXBuildFile; fileRef = B52E0CDB1F1696B9007E0478 /* ParamsEncodingSpec.swift */; };
		B589276E2040498D00C17F0F /* RequestSpec.swift in Sources */ = {isa = PBXBuildFile; fileRef = B52E0CD41F1696B9007E0478 /* RequestSpec.swift */; };
		B589276F2040498E00C17F0F /* CacheAndFetchSpec.swift in Sources */ = {isa = PBXBuildFile; fileRef = B52E0CDA1F1696B9007E0478 /* CacheAndFetchSpec.swift */; };
		B58927702040498E00C17F0F /* CacheSpec.swift in Sources */ = {isa = PBXBuildFile; fileRef = B52E0CD81F1696B9007E0478 /* CacheSpec.swift */; };
		B58927712040498E00C17F0F /* CertificateSpec.swift in Sources */ = {isa = PBXBuildFile; fileRef = B5B08E691F53568100D78597 /* CertificateSpec.swift */; };
		B58927722040498E00C17F0F /* ChainRequestSpec.swift in Sources */ = {isa = PBXBuildFile; fileRef = B52E0CDD1F1696B9007E0478 /* ChainRequestSpec.swift */; };
		B58927732040498E00C17F0F /* CookiesSpec.swift in Sources */ = {isa = PBXBuildFile; fileRef = B52E0CD71F1696B9007E0478 /* CookiesSpec.swift */; };
		B58927742040498E00C17F0F /* DecodableSpec.swift in Sources */ = {isa = PBXBuildFile; fileRef = B502249F1F7AB10C00C1015F /* DecodableSpec.swift */; };
		B58927752040498E00C17F0F /* InterceptorSpec.swift in Sources */ = {isa = PBXBuildFile; fileRef = B5B08E651F53561300D78597 /* InterceptorSpec.swift */; };
		B58927762040498E00C17F0F /* LoggingSpec.swift in Sources */ = {isa = PBXBuildFile; fileRef = B5F99A061F66997400B46E70 /* LoggingSpec.swift */; };
		B58927772040498E00C17F0F /* MultipartSpec.swift in Sources */ = {isa = PBXBuildFile; fileRef = B52E0CD91F1696B9007E0478 /* MultipartSpec.swift */; };
		B58927782040498E00C17F0F /* MultipleRequestsSpec.swift in Sources */ = {isa = PBXBuildFile; fileRef = B52E0CD51F1696B9007E0478 /* MultipleRequestsSpec.swift */; };
		B58927792040498E00C17F0F /* ParamsEncodingSpec.swift in Sources */ = {isa = PBXBuildFile; fileRef = B52E0CDB1F1696B9007E0478 /* ParamsEncodingSpec.swift */; };
		B589277A2040498E00C17F0F /* RequestSpec.swift in Sources */ = {isa = PBXBuildFile; fileRef = B52E0CD41F1696B9007E0478 /* RequestSpec.swift */; };
		B5950C591F4D6C1400FD4D55 /* Gnomon.podspec in Resources */ = {isa = PBXBuildFile; fileRef = B5950C581F4D6C1400FD4D55 /* Gnomon.podspec */; };
		B5BDB9761F16A13000A991B3 /* test_file.zip in Resources */ = {isa = PBXBuildFile; fileRef = B52E0CDE1F1696B9007E0478 /* test_file.zip */; };
		B5DE29792040301E00F0A260 /* RequestSpec.swift in Sources */ = {isa = PBXBuildFile; fileRef = B52E0CD41F1696B9007E0478 /* RequestSpec.swift */; };
		B5DE297A2040305800F0A260 /* TestModels.swift in Sources */ = {isa = PBXBuildFile; fileRef = B52E0CD61F1696B9007E0478 /* TestModels.swift */; };
		B5DE297B2040305900F0A260 /* TestModels.swift in Sources */ = {isa = PBXBuildFile; fileRef = B52E0CD61F1696B9007E0478 /* TestModels.swift */; };
		B5DE297C2040305900F0A260 /* TestModels.swift in Sources */ = {isa = PBXBuildFile; fileRef = B52E0CD61F1696B9007E0478 /* TestModels.swift */; };
		FC5752EA743A335D42A06DA9 /* Pods_Tests_macOSTests.framework in Frameworks */ = {isa = PBXBuildFile; fileRef = 6846319295E4D85871077BB9 /* Pods_Tests_macOSTests.framework */; };
/* End PBXBuildFile section */

/* Begin PBXFileReference section */
		066A0114CDF0BE98AE176647 /* Pods-Tests-macOSTests.release.xcconfig */ = {isa = PBXFileReference; includeInIndex = 1; lastKnownFileType = text.xcconfig; name = "Pods-Tests-macOSTests.release.xcconfig"; path = "Pods/Target Support Files/Pods-Tests-macOSTests/Pods-Tests-macOSTests.release.xcconfig"; sourceTree = "<group>"; };
		0BC17A57F7A1793CA66C559C /* Pods-Tests-iOSTests.release.xcconfig */ = {isa = PBXFileReference; includeInIndex = 1; lastKnownFileType = text.xcconfig; name = "Pods-Tests-iOSTests.release.xcconfig"; path = "Pods/Target Support Files/Pods-Tests-iOSTests/Pods-Tests-iOSTests.release.xcconfig"; sourceTree = "<group>"; };
		14B30AA46129A6E0CA108E30 /* Pods-Tests-iOSTests.debug.xcconfig */ = {isa = PBXFileReference; includeInIndex = 1; lastKnownFileType = text.xcconfig; name = "Pods-Tests-iOSTests.debug.xcconfig"; path = "Pods/Target Support Files/Pods-Tests-iOSTests/Pods-Tests-iOSTests.debug.xcconfig"; sourceTree = "<group>"; };
		557BF3CDC1B1F8F2B0FB4BC5 /* Pods-Tests-macOSTests.debug.xcconfig */ = {isa = PBXFileReference; includeInIndex = 1; lastKnownFileType = text.xcconfig; name = "Pods-Tests-macOSTests.debug.xcconfig"; path = "Pods/Target Support Files/Pods-Tests-macOSTests/Pods-Tests-macOSTests.debug.xcconfig"; sourceTree = "<group>"; };
		6846319295E4D85871077BB9 /* Pods_Tests_macOSTests.framework */ = {isa = PBXFileReference; explicitFileType = wrapper.framework; includeInIndex = 0; path = Pods_Tests_macOSTests.framework; sourceTree = BUILT_PRODUCTS_DIR; };
		86CE36D82B2098D9513F9E0C /* Pods-Tests-tvOSTests.release.xcconfig */ = {isa = PBXFileReference; includeInIndex = 1; lastKnownFileType = text.xcconfig; name = "Pods-Tests-tvOSTests.release.xcconfig"; path = "Pods/Target Support Files/Pods-Tests-tvOSTests/Pods-Tests-tvOSTests.release.xcconfig"; sourceTree = "<group>"; };
		8FB7BAD075C9AF5EB215D3BC /* Pods-Tests-tvOSTests.debug.xcconfig */ = {isa = PBXFileReference; includeInIndex = 1; lastKnownFileType = text.xcconfig; name = "Pods-Tests-tvOSTests.debug.xcconfig"; path = "Pods/Target Support Files/Pods-Tests-tvOSTests/Pods-Tests-tvOSTests.debug.xcconfig"; sourceTree = "<group>"; };
		9632BBA3EEFC5F2F3D3ECF19 /* Pods_Tests_tvOSTests.framework */ = {isa = PBXFileReference; explicitFileType = wrapper.framework; includeInIndex = 0; path = Pods_Tests_tvOSTests.framework; sourceTree = BUILT_PRODUCTS_DIR; };
		B502249F1F7AB10C00C1015F /* DecodableSpec.swift */ = {isa = PBXFileReference; lastKnownFileType = sourcecode.swift; path = DecodableSpec.swift; sourceTree = "<group>"; };
		B52100DD1FCD66E100C031C2 /* image.png */ = {isa = PBXFileReference; lastKnownFileType = image.png; path = image.png; sourceTree = "<group>"; };
		B52E0CD41F1696B9007E0478 /* RequestSpec.swift */ = {isa = PBXFileReference; fileEncoding = 4; lastKnownFileType = sourcecode.swift; path = RequestSpec.swift; sourceTree = "<group>"; };
		B52E0CD51F1696B9007E0478 /* MultipleRequestsSpec.swift */ = {isa = PBXFileReference; fileEncoding = 4; lastKnownFileType = sourcecode.swift; path = MultipleRequestsSpec.swift; sourceTree = "<group>"; };
		B52E0CD61F1696B9007E0478 /* TestModels.swift */ = {isa = PBXFileReference; fileEncoding = 4; lastKnownFileType = sourcecode.swift; path = TestModels.swift; sourceTree = "<group>"; };
		B52E0CD71F1696B9007E0478 /* CookiesSpec.swift */ = {isa = PBXFileReference; fileEncoding = 4; lastKnownFileType = sourcecode.swift; path = CookiesSpec.swift; sourceTree = "<group>"; };
		B52E0CD81F1696B9007E0478 /* CacheSpec.swift */ = {isa = PBXFileReference; fileEncoding = 4; lastKnownFileType = sourcecode.swift; path = CacheSpec.swift; sourceTree = "<group>"; };
		B52E0CD91F1696B9007E0478 /* MultipartSpec.swift */ = {isa = PBXFileReference; fileEncoding = 4; lastKnownFileType = sourcecode.swift; path = MultipartSpec.swift; sourceTree = "<group>"; };
		B52E0CDA1F1696B9007E0478 /* CacheAndFetchSpec.swift */ = {isa = PBXFileReference; fileEncoding = 4; lastKnownFileType = sourcecode.swift; path = CacheAndFetchSpec.swift; sourceTree = "<group>"; };
		B52E0CDB1F1696B9007E0478 /* ParamsEncodingSpec.swift */ = {isa = PBXFileReference; fileEncoding = 4; lastKnownFileType = sourcecode.swift; path = ParamsEncodingSpec.swift; sourceTree = "<group>"; };
		B52E0CDC1F1696B9007E0478 /* XPathSpec.swift */ = {isa = PBXFileReference; fileEncoding = 4; lastKnownFileType = sourcecode.swift; path = XPathSpec.swift; sourceTree = "<group>"; };
		B52E0CDD1F1696B9007E0478 /* ChainRequestSpec.swift */ = {isa = PBXFileReference; fileEncoding = 4; lastKnownFileType = sourcecode.swift; path = ChainRequestSpec.swift; sourceTree = "<group>"; };
		B52E0CDE1F1696B9007E0478 /* test_file.zip */ = {isa = PBXFileReference; lastKnownFileType = archive.zip; path = test_file.zip; sourceTree = "<group>"; };
		B52E0D161F34612600ADF444 /* Params.swift */ = {isa = PBXFileReference; fileEncoding = 4; lastKnownFileType = sourcecode.swift; path = Params.swift; sourceTree = "<group>"; };
		B52E0D171F34612600ADF444 /* Params.swift.erb */ = {isa = PBXFileReference; fileEncoding = 4; lastKnownFileType = text; path = Params.swift.erb; sourceTree = "<group>"; };
		B56E8B8C1F16615600D5F227 /* tvOSTests.xctest */ = {isa = PBXFileReference; explicitFileType = wrapper.cfbundle; includeInIndex = 0; path = tvOSTests.xctest; sourceTree = BUILT_PRODUCTS_DIR; };
		B56E8B901F16615600D5F227 /* Info.plist */ = {isa = PBXFileReference; lastKnownFileType = text.plist.xml; path = Info.plist; sourceTree = "<group>"; };
		B5950C4B1F4D6BF000FD4D55 /* Fastfile */ = {isa = PBXFileReference; fileEncoding = 1; lastKnownFileType = text; path = Fastfile; sourceTree = "<group>"; };
		B5950C581F4D6C1400FD4D55 /* Gnomon.podspec */ = {isa = PBXFileReference; fileEncoding = 1; lastKnownFileType = text; path = Gnomon.podspec; sourceTree = "<group>"; };
		B59E9BA61EC361EC002018AE /* iOSTests.xctest */ = {isa = PBXFileReference; explicitFileType = wrapper.cfbundle; includeInIndex = 0; path = iOSTests.xctest; sourceTree = BUILT_PRODUCTS_DIR; };
		B59E9BAB1EC361EC002018AE /* Info.plist */ = {isa = PBXFileReference; lastKnownFileType = text.plist.xml; path = Info.plist; sourceTree = "<group>"; };
		B5B08E651F53561300D78597 /* InterceptorSpec.swift */ = {isa = PBXFileReference; fileEncoding = 4; lastKnownFileType = sourcecode.swift; path = InterceptorSpec.swift; sourceTree = "<group>"; };
		B5B08E691F53568100D78597 /* CertificateSpec.swift */ = {isa = PBXFileReference; fileEncoding = 4; lastKnownFileType = sourcecode.swift; path = CertificateSpec.swift; sourceTree = "<group>"; };
		B5B08E6D1F53578500D78597 /* XMLSpec.swift */ = {isa = PBXFileReference; fileEncoding = 4; lastKnownFileType = sourcecode.swift; path = XMLSpec.swift; sourceTree = "<group>"; };
		B5D49AF71F16981800FD2889 /* macOSTests.xctest */ = {isa = PBXFileReference; explicitFileType = wrapper.cfbundle; includeInIndex = 0; path = macOSTests.xctest; sourceTree = BUILT_PRODUCTS_DIR; };
		B5D49AFB1F16981800FD2889 /* Info.plist */ = {isa = PBXFileReference; lastKnownFileType = text.plist.xml; path = Info.plist; sourceTree = "<group>"; };
		B5F99A061F66997400B46E70 /* LoggingSpec.swift */ = {isa = PBXFileReference; fileEncoding = 4; lastKnownFileType = sourcecode.swift; path = LoggingSpec.swift; sourceTree = "<group>"; };
		CECD4C2682324E936658247B /* Pods_Tests_iOSTests.framework */ = {isa = PBXFileReference; explicitFileType = wrapper.framework; includeInIndex = 0; path = Pods_Tests_iOSTests.framework; sourceTree = BUILT_PRODUCTS_DIR; };
/* End PBXFileReference section */

/* Begin PBXFrameworksBuildPhase section */
		B56E8B891F16615600D5F227 /* Frameworks */ = {
			isa = PBXFrameworksBuildPhase;
			buildActionMask = 2147483647;
			files = (
				4558D11918401AB38E8E1786 /* Pods_Tests_tvOSTests.framework in Frameworks */,
			);
			runOnlyForDeploymentPostprocessing = 0;
		};
		B59E9BA31EC361EC002018AE /* Frameworks */ = {
			isa = PBXFrameworksBuildPhase;
			buildActionMask = 2147483647;
			files = (
				3AB8BBCC7D6B3A63F74773DE /* Pods_Tests_iOSTests.framework in Frameworks */,
			);
			runOnlyForDeploymentPostprocessing = 0;
		};
		B5D49AF41F16981800FD2889 /* Frameworks */ = {
			isa = PBXFrameworksBuildPhase;
			buildActionMask = 2147483647;
			files = (
				FC5752EA743A335D42A06DA9 /* Pods_Tests_macOSTests.framework in Frameworks */,
			);
			runOnlyForDeploymentPostprocessing = 0;
		};
/* End PBXFrameworksBuildPhase section */

/* Begin PBXGroup section */
		900B1227D5B909619DD28006 /* Pods */ = {
			isa = PBXGroup;
			children = (
				14B30AA46129A6E0CA108E30 /* Pods-Tests-iOSTests.debug.xcconfig */,
				0BC17A57F7A1793CA66C559C /* Pods-Tests-iOSTests.release.xcconfig */,
				8FB7BAD075C9AF5EB215D3BC /* Pods-Tests-tvOSTests.debug.xcconfig */,
				86CE36D82B2098D9513F9E0C /* Pods-Tests-tvOSTests.release.xcconfig */,
				557BF3CDC1B1F8F2B0FB4BC5 /* Pods-Tests-macOSTests.debug.xcconfig */,
				066A0114CDF0BE98AE176647 /* Pods-Tests-macOSTests.release.xcconfig */,
			);
			name = Pods;
			sourceTree = "<group>";
		};
		92C97BAB6AB21C884702491A /* Frameworks */ = {
			isa = PBXGroup;
			children = (
				CECD4C2682324E936658247B /* Pods_Tests_iOSTests.framework */,
				9632BBA3EEFC5F2F3D3ECF19 /* Pods_Tests_tvOSTests.framework */,
				6846319295E4D85871077BB9 /* Pods_Tests_macOSTests.framework */,
			);
			name = Frameworks;
			sourceTree = "<group>";
		};
		B56E8B8D1F16615600D5F227 /* tvOSTests */ = {
			isa = PBXGroup;
			children = (
				B56E8B901F16615600D5F227 /* Info.plist */,
			);
			path = tvOSTests;
			sourceTree = "<group>";
		};
		B5950C4A1F4D6BF000FD4D55 /* .fastlane */ = {
			isa = PBXGroup;
			children = (
				B5950C4B1F4D6BF000FD4D55 /* Fastfile */,
			);
			path = .fastlane;
			sourceTree = "<group>";
		};
		B59E9B9B1EC361C1002018AE = {
			isa = PBXGroup;
			children = (
				B5950C4A1F4D6BF000FD4D55 /* .fastlane */,
				B5950C581F4D6C1400FD4D55 /* Gnomon.podspec */,
				B52E0D161F34612600ADF444 /* Params.swift */,
				B52E0D171F34612600ADF444 /* Params.swift.erb */,
				B52E0CDE1F1696B9007E0478 /* test_file.zip */,
				B52100DD1FCD66E100C031C2 /* image.png */,
				B5E72C8C1F72C3D400F63067 /* Specs */,
				B59E9BA81EC361EC002018AE /* iOSTests */,
				B56E8B8D1F16615600D5F227 /* tvOSTests */,
				B5D49AF81F16981800FD2889 /* macOSTests */,
				B59E9BA71EC361EC002018AE /* Products */,
				900B1227D5B909619DD28006 /* Pods */,
				92C97BAB6AB21C884702491A /* Frameworks */,
			);
			sourceTree = "<group>";
		};
		B59E9BA71EC361EC002018AE /* Products */ = {
			isa = PBXGroup;
			children = (
				B59E9BA61EC361EC002018AE /* iOSTests.xctest */,
				B56E8B8C1F16615600D5F227 /* tvOSTests.xctest */,
				B5D49AF71F16981800FD2889 /* macOSTests.xctest */,
			);
			name = Products;
			sourceTree = "<group>";
		};
		B59E9BA81EC361EC002018AE /* iOSTests */ = {
			isa = PBXGroup;
			children = (
				B59E9BAB1EC361EC002018AE /* Info.plist */,
			);
			path = iOSTests;
			sourceTree = "<group>";
		};
		B5D49AF81F16981800FD2889 /* macOSTests */ = {
			isa = PBXGroup;
			children = (
				B5D49AFB1F16981800FD2889 /* Info.plist */,
			);
			path = macOSTests;
			sourceTree = "<group>";
		};
		B5E72C8C1F72C3D400F63067 /* Specs */ = {
			isa = PBXGroup;
			children = (
				B52E0CDA1F1696B9007E0478 /* CacheAndFetchSpec.swift */,
				B52E0CD81F1696B9007E0478 /* CacheSpec.swift */,
				B5B08E691F53568100D78597 /* CertificateSpec.swift */,
				B52E0CDD1F1696B9007E0478 /* ChainRequestSpec.swift */,
				B52E0CD71F1696B9007E0478 /* CookiesSpec.swift */,
				B502249F1F7AB10C00C1015F /* DecodableSpec.swift */,
				B5B08E651F53561300D78597 /* InterceptorSpec.swift */,
				B5F99A061F66997400B46E70 /* LoggingSpec.swift */,
				B52E0CD91F1696B9007E0478 /* MultipartSpec.swift */,
				B52E0CD51F1696B9007E0478 /* MultipleRequestsSpec.swift */,
				B52E0CDB1F1696B9007E0478 /* ParamsEncodingSpec.swift */,
				B52E0CD41F1696B9007E0478 /* RequestSpec.swift */,
				B52E0CD61F1696B9007E0478 /* TestModels.swift */,
				B5B08E6D1F53578500D78597 /* XMLSpec.swift */,
				B52E0CDC1F1696B9007E0478 /* XPathSpec.swift */,
			);
			path = Specs;
			sourceTree = "<group>";
		};
/* End PBXGroup section */

/* Begin PBXNativeTarget section */
		B56E8B8B1F16615600D5F227 /* tvOSTests */ = {
			isa = PBXNativeTarget;
			buildConfigurationList = B56E8B931F16615600D5F227 /* Build configuration list for PBXNativeTarget "tvOSTests" */;
			buildPhases = (
				7D0C610B8D676EBFCD757806 /* [CP] Check Pods Manifest.lock */,
				B56E8BA31F16658A00D5F227 /* SwiftLint */,
				B56E8B881F16615600D5F227 /* Sources */,
				B56E8B891F16615600D5F227 /* Frameworks */,
				B56E8B8A1F16615600D5F227 /* Resources */,
				004DF2AEC334D7E73E9AFDE8 /* [CP] Embed Pods Frameworks */,
			);
			buildRules = (
			);
			dependencies = (
			);
			name = tvOSTests;
			productName = tvOSTests;
			productReference = B56E8B8C1F16615600D5F227 /* tvOSTests.xctest */;
			productType = "com.apple.product-type.bundle.unit-test";
		};
		B59E9BA51EC361EC002018AE /* iOSTests */ = {
			isa = PBXNativeTarget;
			buildConfigurationList = B59E9BAC1EC361EC002018AE /* Build configuration list for PBXNativeTarget "iOSTests" */;
			buildPhases = (
				1EDF1805CBA33BC937AEBF6A /* [CP] Check Pods Manifest.lock */,
				B56E8BA21F16655700D5F227 /* SwiftLint */,
				B59E9BA21EC361EC002018AE /* Sources */,
				B59E9BA31EC361EC002018AE /* Frameworks */,
				B59E9BA41EC361EC002018AE /* Resources */,
				AE426B3738C8381B065A7BA5 /* [CP] Embed Pods Frameworks */,
			);
			buildRules = (
			);
			dependencies = (
			);
			name = iOSTests;
			productName = Tests;
			productReference = B59E9BA61EC361EC002018AE /* iOSTests.xctest */;
			productType = "com.apple.product-type.bundle.unit-test";
		};
		B5D49AF61F16981800FD2889 /* macOSTests */ = {
			isa = PBXNativeTarget;
			buildConfigurationList = B5D49AFE1F16981800FD2889 /* Build configuration list for PBXNativeTarget "macOSTests" */;
			buildPhases = (
				E2D320D469F7AFC9F512E786 /* [CP] Check Pods Manifest.lock */,
				B5F99A0A1F66A0CE00B46E70 /* SwiftLint */,
				B5D49AF31F16981800FD2889 /* Sources */,
				B5D49AF41F16981800FD2889 /* Frameworks */,
				B5D49AF51F16981800FD2889 /* Resources */,
				117B4451CDD5EC1F5F9F4CCD /* [CP] Embed Pods Frameworks */,
			);
			buildRules = (
			);
			dependencies = (
			);
			name = macOSTests;
			productName = macOSTests;
			productReference = B5D49AF71F16981800FD2889 /* macOSTests.xctest */;
			productType = "com.apple.product-type.bundle.unit-test";
		};
/* End PBXNativeTarget section */

/* Begin PBXProject section */
		B59E9B9C1EC361C1002018AE /* Project object */ = {
			isa = PBXProject;
			attributes = {
				LastSwiftUpdateCheck = 0830;
				LastUpgradeCheck = 0830;
				TargetAttributes = {
					B56E8B8B1F16615600D5F227 = {
						CreatedOnToolsVersion = 8.3.3;
						ProvisioningStyle = Manual;
					};
					B59E9BA51EC361EC002018AE = {
						CreatedOnToolsVersion = 8.3.2;
						LastSwiftMigration = 0830;
						ProvisioningStyle = Manual;
					};
					B5D49AF61F16981800FD2889 = {
						CreatedOnToolsVersion = 8.3.3;
						ProvisioningStyle = Automatic;
					};
				};
			};
			buildConfigurationList = B59E9B9F1EC361C1002018AE /* Build configuration list for PBXProject "Tests" */;
			compatibilityVersion = "Xcode 3.2";
			developmentRegion = English;
			hasScannedForEncodings = 0;
			knownRegions = (
				en,
			);
			mainGroup = B59E9B9B1EC361C1002018AE;
			productRefGroup = B59E9BA71EC361EC002018AE /* Products */;
			projectDirPath = "";
			projectRoot = "";
			targets = (
				B59E9BA51EC361EC002018AE /* iOSTests */,
				B56E8B8B1F16615600D5F227 /* tvOSTests */,
				B5D49AF61F16981800FD2889 /* macOSTests */,
			);
		};
/* End PBXProject section */

/* Begin PBXResourcesBuildPhase section */
		B56E8B8A1F16615600D5F227 /* Resources */ = {
			isa = PBXResourcesBuildPhase;
			buildActionMask = 2147483647;
			files = (
				B52E0CF81F16970C007E0478 /* test_file.zip in Resources */,
				B52100DF1FCD66E100C031C2 /* image.png in Resources */,
			);
			runOnlyForDeploymentPostprocessing = 0;
		};
		B59E9BA41EC361EC002018AE /* Resources */ = {
			isa = PBXResourcesBuildPhase;
			buildActionMask = 2147483647;
			files = (
				B5950C591F4D6C1400FD4D55 /* Gnomon.podspec in Resources */,
				B52E0CEB1F1696B9007E0478 /* test_file.zip in Resources */,
				B52100DE1FCD66E100C031C2 /* image.png in Resources */,
			);
			runOnlyForDeploymentPostprocessing = 0;
		};
		B5D49AF51F16981800FD2889 /* Resources */ = {
			isa = PBXResourcesBuildPhase;
			buildActionMask = 2147483647;
			files = (
				B5BDB9761F16A13000A991B3 /* test_file.zip in Resources */,
				B52100E01FCD66E100C031C2 /* image.png in Resources */,
			);
			runOnlyForDeploymentPostprocessing = 0;
		};
/* End PBXResourcesBuildPhase section */

/* Begin PBXShellScriptBuildPhase section */
		004DF2AEC334D7E73E9AFDE8 /* [CP] Embed Pods Frameworks */ = {
			isa = PBXShellScriptBuildPhase;
			buildActionMask = 2147483647;
			files = (
			);
			inputPaths = (
				"${SRCROOT}/Pods/Target Support Files/Pods-Tests-tvOSTests/Pods-Tests-tvOSTests-frameworks.sh",
				"${BUILT_PRODUCTS_DIR}/AEXML-tvOS/AEXML.framework",
				"${BUILT_PRODUCTS_DIR}/FormatterKit-tvOS/FormatterKit.framework",
				"${BUILT_PRODUCTS_DIR}/Gnomon-tvOS/Gnomon.framework",
				"${BUILT_PRODUCTS_DIR}/Nimble-tvOS/Nimble.framework",
				"${BUILT_PRODUCTS_DIR}/RxBlocking-tvOS/RxBlocking.framework",
				"${BUILT_PRODUCTS_DIR}/RxSwift-tvOS/RxSwift.framework",
				"${BUILT_PRODUCTS_DIR}/SwiftyJSON-tvOS/SwiftyJSON.framework",
			);
			name = "[CP] Embed Pods Frameworks";
			outputPaths = (
				"${TARGET_BUILD_DIR}/${FRAMEWORKS_FOLDER_PATH}/AEXML.framework",
				"${TARGET_BUILD_DIR}/${FRAMEWORKS_FOLDER_PATH}/FormatterKit.framework",
				"${TARGET_BUILD_DIR}/${FRAMEWORKS_FOLDER_PATH}/Gnomon.framework",
				"${TARGET_BUILD_DIR}/${FRAMEWORKS_FOLDER_PATH}/Nimble.framework",
				"${TARGET_BUILD_DIR}/${FRAMEWORKS_FOLDER_PATH}/RxBlocking.framework",
				"${TARGET_BUILD_DIR}/${FRAMEWORKS_FOLDER_PATH}/RxSwift.framework",
				"${TARGET_BUILD_DIR}/${FRAMEWORKS_FOLDER_PATH}/SwiftyJSON.framework",
			);
			runOnlyForDeploymentPostprocessing = 0;
			shellPath = /bin/sh;
			shellScript = "\"${SRCROOT}/Pods/Target Support Files/Pods-Tests-tvOSTests/Pods-Tests-tvOSTests-frameworks.sh\"\n";
			showEnvVarsInLog = 0;
		};
		117B4451CDD5EC1F5F9F4CCD /* [CP] Embed Pods Frameworks */ = {
			isa = PBXShellScriptBuildPhase;
			buildActionMask = 2147483647;
			files = (
			);
			inputPaths = (
				"${SRCROOT}/Pods/Target Support Files/Pods-Tests-macOSTests/Pods-Tests-macOSTests-frameworks.sh",
				"${BUILT_PRODUCTS_DIR}/AEXML-macOS/AEXML.framework",
				"${BUILT_PRODUCTS_DIR}/FormatterKit-macOS/FormatterKit.framework",
				"${BUILT_PRODUCTS_DIR}/Gnomon-macOS/Gnomon.framework",
				"${BUILT_PRODUCTS_DIR}/Nimble-macOS/Nimble.framework",
				"${BUILT_PRODUCTS_DIR}/RxBlocking-macOS/RxBlocking.framework",
				"${BUILT_PRODUCTS_DIR}/RxSwift-macOS/RxSwift.framework",
				"${BUILT_PRODUCTS_DIR}/SwiftyJSON-macOS/SwiftyJSON.framework",
			);
			name = "[CP] Embed Pods Frameworks";
			outputPaths = (
				"${TARGET_BUILD_DIR}/${FRAMEWORKS_FOLDER_PATH}/AEXML.framework",
				"${TARGET_BUILD_DIR}/${FRAMEWORKS_FOLDER_PATH}/FormatterKit.framework",
				"${TARGET_BUILD_DIR}/${FRAMEWORKS_FOLDER_PATH}/Gnomon.framework",
				"${TARGET_BUILD_DIR}/${FRAMEWORKS_FOLDER_PATH}/Nimble.framework",
				"${TARGET_BUILD_DIR}/${FRAMEWORKS_FOLDER_PATH}/RxBlocking.framework",
				"${TARGET_BUILD_DIR}/${FRAMEWORKS_FOLDER_PATH}/RxSwift.framework",
				"${TARGET_BUILD_DIR}/${FRAMEWORKS_FOLDER_PATH}/SwiftyJSON.framework",
			);
			runOnlyForDeploymentPostprocessing = 0;
			shellPath = /bin/sh;
			shellScript = "\"${SRCROOT}/Pods/Target Support Files/Pods-Tests-macOSTests/Pods-Tests-macOSTests-frameworks.sh\"\n";
			showEnvVarsInLog = 0;
		};
		1EDF1805CBA33BC937AEBF6A /* [CP] Check Pods Manifest.lock */ = {
			isa = PBXShellScriptBuildPhase;
			buildActionMask = 2147483647;
			files = (
			);
			inputPaths = (
				"${PODS_PODFILE_DIR_PATH}/Podfile.lock",
				"${PODS_ROOT}/Manifest.lock",
			);
			name = "[CP] Check Pods Manifest.lock";
			outputPaths = (
				"$(DERIVED_FILE_DIR)/Pods-Tests-iOSTests-checkManifestLockResult.txt",
			);
			runOnlyForDeploymentPostprocessing = 0;
			shellPath = /bin/sh;
			shellScript = "diff \"${PODS_PODFILE_DIR_PATH}/Podfile.lock\" \"${PODS_ROOT}/Manifest.lock\" > /dev/null\nif [ $? != 0 ] ; then\n    # print error to STDERR\n    echo \"error: The sandbox is not in sync with the Podfile.lock. Run 'pod install' or update your CocoaPods installation.\" >&2\n    exit 1\nfi\n# This output is used by Xcode 'outputs' to avoid re-running this script phase.\necho \"SUCCESS\" > \"${SCRIPT_OUTPUT_FILE_0}\"\n";
			showEnvVarsInLog = 0;
		};
		7D0C610B8D676EBFCD757806 /* [CP] Check Pods Manifest.lock */ = {
			isa = PBXShellScriptBuildPhase;
			buildActionMask = 2147483647;
			files = (
			);
			inputPaths = (
				"${PODS_PODFILE_DIR_PATH}/Podfile.lock",
				"${PODS_ROOT}/Manifest.lock",
			);
			name = "[CP] Check Pods Manifest.lock";
			outputPaths = (
				"$(DERIVED_FILE_DIR)/Pods-Tests-tvOSTests-checkManifestLockResult.txt",
			);
			runOnlyForDeploymentPostprocessing = 0;
			shellPath = /bin/sh;
			shellScript = "diff \"${PODS_PODFILE_DIR_PATH}/Podfile.lock\" \"${PODS_ROOT}/Manifest.lock\" > /dev/null\nif [ $? != 0 ] ; then\n    # print error to STDERR\n    echo \"error: The sandbox is not in sync with the Podfile.lock. Run 'pod install' or update your CocoaPods installation.\" >&2\n    exit 1\nfi\n# This output is used by Xcode 'outputs' to avoid re-running this script phase.\necho \"SUCCESS\" > \"${SCRIPT_OUTPUT_FILE_0}\"\n";
			showEnvVarsInLog = 0;
		};
		AE426B3738C8381B065A7BA5 /* [CP] Embed Pods Frameworks */ = {
			isa = PBXShellScriptBuildPhase;
			buildActionMask = 2147483647;
			files = (
			);
			inputPaths = (
				"${SRCROOT}/Pods/Target Support Files/Pods-Tests-iOSTests/Pods-Tests-iOSTests-frameworks.sh",
				"${BUILT_PRODUCTS_DIR}/AEXML-iOS/AEXML.framework",
				"${BUILT_PRODUCTS_DIR}/FormatterKit-iOS/FormatterKit.framework",
				"${BUILT_PRODUCTS_DIR}/Gnomon-iOS/Gnomon.framework",
				"${BUILT_PRODUCTS_DIR}/Nimble-iOS/Nimble.framework",
				"${BUILT_PRODUCTS_DIR}/RxBlocking-iOS/RxBlocking.framework",
				"${BUILT_PRODUCTS_DIR}/RxSwift-iOS/RxSwift.framework",
				"${BUILT_PRODUCTS_DIR}/SwiftyJSON-iOS/SwiftyJSON.framework",
			);
			name = "[CP] Embed Pods Frameworks";
			outputPaths = (
				"${TARGET_BUILD_DIR}/${FRAMEWORKS_FOLDER_PATH}/AEXML.framework",
				"${TARGET_BUILD_DIR}/${FRAMEWORKS_FOLDER_PATH}/FormatterKit.framework",
				"${TARGET_BUILD_DIR}/${FRAMEWORKS_FOLDER_PATH}/Gnomon.framework",
				"${TARGET_BUILD_DIR}/${FRAMEWORKS_FOLDER_PATH}/Nimble.framework",
				"${TARGET_BUILD_DIR}/${FRAMEWORKS_FOLDER_PATH}/RxBlocking.framework",
				"${TARGET_BUILD_DIR}/${FRAMEWORKS_FOLDER_PATH}/RxSwift.framework",
				"${TARGET_BUILD_DIR}/${FRAMEWORKS_FOLDER_PATH}/SwiftyJSON.framework",
			);
			runOnlyForDeploymentPostprocessing = 0;
			shellPath = /bin/sh;
			shellScript = "\"${SRCROOT}/Pods/Target Support Files/Pods-Tests-iOSTests/Pods-Tests-iOSTests-frameworks.sh\"\n";
			showEnvVarsInLog = 0;
		};
		B56E8BA21F16655700D5F227 /* SwiftLint */ = {
			isa = PBXShellScriptBuildPhase;
			buildActionMask = 2147483647;
			files = (
			);
			inputPaths = (
			);
			name = SwiftLint;
			outputPaths = (
			);
			runOnlyForDeploymentPostprocessing = 0;
			shellPath = /bin/sh;
			shellScript = ./Pods/SwiftLint/swiftlint;
		};
		B56E8BA31F16658A00D5F227 /* SwiftLint */ = {
			isa = PBXShellScriptBuildPhase;
			buildActionMask = 2147483647;
			files = (
			);
			inputPaths = (
			);
			name = SwiftLint;
			outputPaths = (
			);
			runOnlyForDeploymentPostprocessing = 0;
			shellPath = /bin/sh;
			shellScript = ./Pods/SwiftLint/swiftlint;
		};
		B5F99A0A1F66A0CE00B46E70 /* SwiftLint */ = {
			isa = PBXShellScriptBuildPhase;
			buildActionMask = 2147483647;
			files = (
			);
			inputPaths = (
			);
			name = SwiftLint;
			outputPaths = (
			);
			runOnlyForDeploymentPostprocessing = 0;
			shellPath = /bin/sh;
			shellScript = ./Pods/SwiftLint/swiftlint;
		};
		E2D320D469F7AFC9F512E786 /* [CP] Check Pods Manifest.lock */ = {
			isa = PBXShellScriptBuildPhase;
			buildActionMask = 2147483647;
			files = (
			);
			inputPaths = (
				"${PODS_PODFILE_DIR_PATH}/Podfile.lock",
				"${PODS_ROOT}/Manifest.lock",
			);
			name = "[CP] Check Pods Manifest.lock";
			outputPaths = (
				"$(DERIVED_FILE_DIR)/Pods-Tests-macOSTests-checkManifestLockResult.txt",
			);
			runOnlyForDeploymentPostprocessing = 0;
			shellPath = /bin/sh;
			shellScript = "diff \"${PODS_PODFILE_DIR_PATH}/Podfile.lock\" \"${PODS_ROOT}/Manifest.lock\" > /dev/null\nif [ $? != 0 ] ; then\n    # print error to STDERR\n    echo \"error: The sandbox is not in sync with the Podfile.lock. Run 'pod install' or update your CocoaPods installation.\" >&2\n    exit 1\nfi\n# This output is used by Xcode 'outputs' to avoid re-running this script phase.\necho \"SUCCESS\" > \"${SCRIPT_OUTPUT_FILE_0}\"\n";
			showEnvVarsInLog = 0;
		};
/* End PBXShellScriptBuildPhase section */

/* Begin PBXSourcesBuildPhase section */
		B56E8B881F16615600D5F227 /* Sources */ = {
			isa = PBXSourcesBuildPhase;
			buildActionMask = 2147483647;
			files = (
				B589276E2040498D00C17F0F /* RequestSpec.swift in Sources */,
				B58927672040498D00C17F0F /* CookiesSpec.swift in Sources */,
				B58927662040498D00C17F0F /* ChainRequestSpec.swift in Sources */,
				B589276C2040498D00C17F0F /* MultipleRequestsSpec.swift in Sources */,
				B50224A51F7AB20800C1015F /* Params.swift in Sources */,
				B58927642040498D00C17F0F /* CacheSpec.swift in Sources */,
				B5DE297B2040305900F0A260 /* TestModels.swift in Sources */,
				B58927632040498D00C17F0F /* CacheAndFetchSpec.swift in Sources */,
				B589276B2040498D00C17F0F /* MultipartSpec.swift in Sources */,
				B589276A2040498D00C17F0F /* LoggingSpec.swift in Sources */,
				B589276D2040498D00C17F0F /* ParamsEncodingSpec.swift in Sources */,
				B58927682040498D00C17F0F /* DecodableSpec.swift in Sources */,
				B58927652040498D00C17F0F /* CertificateSpec.swift in Sources */,
				B58927692040498D00C17F0F /* InterceptorSpec.swift in Sources */,
				B58927562040446900C17F0F /* XPathSpec.swift in Sources */,
				B58927532040422400C17F0F /* XMLSpec.swift in Sources */,
			);
			runOnlyForDeploymentPostprocessing = 0;
		};
		B59E9BA21EC361EC002018AE /* Sources */ = {
			isa = PBXSourcesBuildPhase;
			buildActionMask = 2147483647;
			files = (
				B589277A2040498E00C17F0F /* RequestSpec.swift in Sources */,
				B58927732040498E00C17F0F /* CookiesSpec.swift in Sources */,
				B58927722040498E00C17F0F /* ChainRequestSpec.swift in Sources */,
				B58927782040498E00C17F0F /* MultipleRequestsSpec.swift in Sources */,
				B50CAFD51FA3C43600601EE9 /* Params.swift in Sources */,
				B58927702040498E00C17F0F /* CacheSpec.swift in Sources */,
				B5DE297C2040305900F0A260 /* TestModels.swift in Sources */,
				B589276F2040498E00C17F0F /* CacheAndFetchSpec.swift in Sources */,
				B58927772040498E00C17F0F /* MultipartSpec.swift in Sources */,
				B58927762040498E00C17F0F /* LoggingSpec.swift in Sources */,
				B58927792040498E00C17F0F /* ParamsEncodingSpec.swift in Sources */,
				B58927742040498E00C17F0F /* DecodableSpec.swift in Sources */,
				B58927712040498E00C17F0F /* CertificateSpec.swift in Sources */,
				B58927752040498E00C17F0F /* InterceptorSpec.swift in Sources */,
				B58927552040446900C17F0F /* XPathSpec.swift in Sources */,
				B58927522040422300C17F0F /* XMLSpec.swift in Sources */,
			);
			runOnlyForDeploymentPostprocessing = 0;
		};
		B5D49AF31F16981800FD2889 /* Sources */ = {
			isa = PBXSourcesBuildPhase;
			buildActionMask = 2147483647;
			files = (
				B589275C2040498D00C17F0F /* CookiesSpec.swift in Sources */,
				B58927592040498D00C17F0F /* CacheSpec.swift in Sources */,
				B58927542040422400C17F0F /* XMLSpec.swift in Sources */,
				B5DE29792040301E00F0A260 /* RequestSpec.swift in Sources */,
				B58927612040498D00C17F0F /* MultipleRequestsSpec.swift in Sources */,
				B589275B2040498D00C17F0F /* ChainRequestSpec.swift in Sources */,
				B589275F2040498D00C17F0F /* LoggingSpec.swift in Sources */,
				B50CAFD61FA3C43800601EE9 /* Params.swift in Sources */,
				B58927572040446A00C17F0F /* XPathSpec.swift in Sources */,
				B58927622040498D00C17F0F /* ParamsEncodingSpec.swift in Sources */,
				B58927582040498D00C17F0F /* CacheAndFetchSpec.swift in Sources */,
				B58927602040498D00C17F0F /* MultipartSpec.swift in Sources */,
				B589275D2040498D00C17F0F /* DecodableSpec.swift in Sources */,
				B589275A2040498D00C17F0F /* CertificateSpec.swift in Sources */,
				B589275E2040498D00C17F0F /* InterceptorSpec.swift in Sources */,
				B5DE297A2040305800F0A260 /* TestModels.swift in Sources */,
			);
			runOnlyForDeploymentPostprocessing = 0;
		};
/* End PBXSourcesBuildPhase section */

/* Begin XCBuildConfiguration section */
		B56E8B911F16615600D5F227 /* Debug */ = {
			isa = XCBuildConfiguration;
			baseConfigurationReference = 8FB7BAD075C9AF5EB215D3BC /* Pods-Tests-tvOSTests.debug.xcconfig */;
			buildSettings = {
				ALWAYS_SEARCH_USER_PATHS = NO;
				CLANG_ANALYZER_NONNULL = YES;
				CLANG_ANALYZER_NUMBER_OBJECT_CONVERSION = YES_AGGRESSIVE;
				CLANG_CXX_LANGUAGE_STANDARD = "gnu++0x";
				CLANG_CXX_LIBRARY = "libc++";
				CLANG_ENABLE_MODULES = YES;
				CLANG_ENABLE_OBJC_ARC = YES;
				CLANG_WARN_BOOL_CONVERSION = YES;
				CLANG_WARN_CONSTANT_CONVERSION = YES;
				CLANG_WARN_DIRECT_OBJC_ISA_USAGE = YES_ERROR;
				CLANG_WARN_DOCUMENTATION_COMMENTS = YES;
				CLANG_WARN_EMPTY_BODY = YES;
				CLANG_WARN_ENUM_CONVERSION = YES;
				CLANG_WARN_INFINITE_RECURSION = YES;
				CLANG_WARN_INT_CONVERSION = YES;
				CLANG_WARN_OBJC_ROOT_CLASS = YES_ERROR;
				CLANG_WARN_SUSPICIOUS_MOVE = YES;
				CLANG_WARN_UNREACHABLE_CODE = YES;
				CLANG_WARN__DUPLICATE_METHOD_MATCH = YES;
				COPY_PHASE_STRIP = NO;
				DEBUG_INFORMATION_FORMAT = dwarf;
				DEVELOPMENT_TEAM = "";
				ENABLE_STRICT_OBJC_MSGSEND = YES;
				ENABLE_TESTABILITY = YES;
				GCC_C_LANGUAGE_STANDARD = gnu99;
				GCC_DYNAMIC_NO_PIC = NO;
				GCC_NO_COMMON_BLOCKS = YES;
				GCC_OPTIMIZATION_LEVEL = 0;
				GCC_PREPROCESSOR_DEFINITIONS = (
					"DEBUG=1",
					"$(inherited)",
				);
				GCC_WARN_64_TO_32_BIT_CONVERSION = YES;
				GCC_WARN_ABOUT_RETURN_TYPE = YES_ERROR;
				GCC_WARN_UNDECLARED_SELECTOR = YES;
				GCC_WARN_UNINITIALIZED_AUTOS = YES_AGGRESSIVE;
				GCC_WARN_UNUSED_FUNCTION = YES;
				GCC_WARN_UNUSED_VARIABLE = YES;
				INFOPLIST_FILE = tvOSTests/Info.plist;
				LD_RUNPATH_SEARCH_PATHS = "$(inherited) @executable_path/Frameworks @loader_path/Frameworks";
				MTL_ENABLE_DEBUG_INFO = YES;
				ONLY_ACTIVE_ARCH = YES;
				PRODUCT_BUNDLE_IDENTIFIER = com.netcosports.tests.tvos;
				PRODUCT_NAME = "$(TARGET_NAME)";
				PROVISIONING_PROFILE_SPECIFIER = "";
				SDKROOT = appletvos;
				SWIFT_ACTIVE_COMPILATION_CONDITIONS = DEBUG;
				SWIFT_OBJC_BRIDGING_HEADER = "Bridging-Header.h";
				SWIFT_OPTIMIZATION_LEVEL = "-Onone";
				SWIFT_VERSION = 4.0;
				TVOS_DEPLOYMENT_TARGET = 10.0;
			};
			name = Debug;
		};
		B56E8B921F16615600D5F227 /* Release */ = {
			isa = XCBuildConfiguration;
			baseConfigurationReference = 86CE36D82B2098D9513F9E0C /* Pods-Tests-tvOSTests.release.xcconfig */;
			buildSettings = {
				ALWAYS_SEARCH_USER_PATHS = NO;
				CLANG_ANALYZER_NONNULL = YES;
				CLANG_ANALYZER_NUMBER_OBJECT_CONVERSION = YES_AGGRESSIVE;
				CLANG_CXX_LANGUAGE_STANDARD = "gnu++0x";
				CLANG_CXX_LIBRARY = "libc++";
				CLANG_ENABLE_MODULES = YES;
				CLANG_ENABLE_OBJC_ARC = YES;
				CLANG_WARN_BOOL_CONVERSION = YES;
				CLANG_WARN_CONSTANT_CONVERSION = YES;
				CLANG_WARN_DIRECT_OBJC_ISA_USAGE = YES_ERROR;
				CLANG_WARN_DOCUMENTATION_COMMENTS = YES;
				CLANG_WARN_EMPTY_BODY = YES;
				CLANG_WARN_ENUM_CONVERSION = YES;
				CLANG_WARN_INFINITE_RECURSION = YES;
				CLANG_WARN_INT_CONVERSION = YES;
				CLANG_WARN_OBJC_ROOT_CLASS = YES_ERROR;
				CLANG_WARN_SUSPICIOUS_MOVE = YES;
				CLANG_WARN_UNREACHABLE_CODE = YES;
				CLANG_WARN__DUPLICATE_METHOD_MATCH = YES;
				COPY_PHASE_STRIP = NO;
				DEBUG_INFORMATION_FORMAT = "dwarf-with-dsym";
				DEVELOPMENT_TEAM = "";
				ENABLE_NS_ASSERTIONS = NO;
				ENABLE_STRICT_OBJC_MSGSEND = YES;
				GCC_C_LANGUAGE_STANDARD = gnu99;
				GCC_NO_COMMON_BLOCKS = YES;
				GCC_WARN_64_TO_32_BIT_CONVERSION = YES;
				GCC_WARN_ABOUT_RETURN_TYPE = YES_ERROR;
				GCC_WARN_UNDECLARED_SELECTOR = YES;
				GCC_WARN_UNINITIALIZED_AUTOS = YES_AGGRESSIVE;
				GCC_WARN_UNUSED_FUNCTION = YES;
				GCC_WARN_UNUSED_VARIABLE = YES;
				INFOPLIST_FILE = tvOSTests/Info.plist;
				LD_RUNPATH_SEARCH_PATHS = "$(inherited) @executable_path/Frameworks @loader_path/Frameworks";
				MTL_ENABLE_DEBUG_INFO = NO;
				PRODUCT_BUNDLE_IDENTIFIER = com.netcosports.tests.tvos;
				PRODUCT_NAME = "$(TARGET_NAME)";
				PROVISIONING_PROFILE_SPECIFIER = "";
				SDKROOT = appletvos;
				SWIFT_OBJC_BRIDGING_HEADER = "Bridging-Header.h";
				SWIFT_OPTIMIZATION_LEVEL = "-Owholemodule";
				SWIFT_VERSION = 4.0;
				TVOS_DEPLOYMENT_TARGET = 10.0;
				VALIDATE_PRODUCT = YES;
			};
			name = Release;
		};
		B59E9BA01EC361C1002018AE /* Debug */ = {
			isa = XCBuildConfiguration;
			buildSettings = {
			};
			name = Debug;
		};
		B59E9BA11EC361C1002018AE /* Release */ = {
			isa = XCBuildConfiguration;
			buildSettings = {
			};
			name = Release;
		};
		B59E9BAD1EC361EC002018AE /* Debug */ = {
			isa = XCBuildConfiguration;
			baseConfigurationReference = 14B30AA46129A6E0CA108E30 /* Pods-Tests-iOSTests.debug.xcconfig */;
			buildSettings = {
				ALWAYS_SEARCH_USER_PATHS = NO;
				CLANG_ANALYZER_NONNULL = YES;
				CLANG_ANALYZER_NUMBER_OBJECT_CONVERSION = YES_AGGRESSIVE;
				CLANG_CXX_LANGUAGE_STANDARD = "gnu++0x";
				CLANG_CXX_LIBRARY = "libc++";
				CLANG_ENABLE_MODULES = YES;
				CLANG_ENABLE_OBJC_ARC = YES;
				CLANG_WARN_BOOL_CONVERSION = YES;
				CLANG_WARN_CONSTANT_CONVERSION = YES;
				CLANG_WARN_DIRECT_OBJC_ISA_USAGE = YES_ERROR;
				CLANG_WARN_DOCUMENTATION_COMMENTS = YES;
				CLANG_WARN_EMPTY_BODY = YES;
				CLANG_WARN_ENUM_CONVERSION = YES;
				CLANG_WARN_INFINITE_RECURSION = YES;
				CLANG_WARN_INT_CONVERSION = YES;
				CLANG_WARN_OBJC_ROOT_CLASS = YES_ERROR;
				CLANG_WARN_SUSPICIOUS_MOVE = YES;
				CLANG_WARN_UNREACHABLE_CODE = YES;
				CLANG_WARN__DUPLICATE_METHOD_MATCH = YES;
				"CODE_SIGN_IDENTITY[sdk=iphoneos*]" = "iPhone Developer";
				COPY_PHASE_STRIP = NO;
				DEBUG_INFORMATION_FORMAT = dwarf;
				DEVELOPMENT_TEAM = "";
				ENABLE_STRICT_OBJC_MSGSEND = YES;
				ENABLE_TESTABILITY = YES;
				GCC_C_LANGUAGE_STANDARD = gnu99;
				GCC_DYNAMIC_NO_PIC = NO;
				GCC_NO_COMMON_BLOCKS = YES;
				GCC_OPTIMIZATION_LEVEL = 0;
				GCC_PREPROCESSOR_DEFINITIONS = (
					"DEBUG=1",
					"$(inherited)",
				);
				GCC_WARN_64_TO_32_BIT_CONVERSION = YES;
				GCC_WARN_ABOUT_RETURN_TYPE = YES_ERROR;
				GCC_WARN_UNDECLARED_SELECTOR = YES;
				GCC_WARN_UNINITIALIZED_AUTOS = YES_AGGRESSIVE;
				GCC_WARN_UNUSED_FUNCTION = YES;
				GCC_WARN_UNUSED_VARIABLE = YES;
				INFOPLIST_FILE = iOSTests/Info.plist;
				IPHONEOS_DEPLOYMENT_TARGET = 10.0;
				LD_RUNPATH_SEARCH_PATHS = "$(inherited) @executable_path/Frameworks @loader_path/Frameworks";
				MTL_ENABLE_DEBUG_INFO = YES;
				ONLY_ACTIVE_ARCH = YES;
				PRODUCT_BUNDLE_IDENTIFIER = com.netcosports.tests.ios;
				PRODUCT_NAME = "$(TARGET_NAME)";
				PROVISIONING_PROFILE_SPECIFIER = "";
				SDKROOT = iphoneos;
				SWIFT_ACTIVE_COMPILATION_CONDITIONS = DEBUG;
				SWIFT_OBJC_BRIDGING_HEADER = "Bridging-Header.h";
				SWIFT_OPTIMIZATION_LEVEL = "-Onone";
				SWIFT_VERSION = 4.0;
			};
			name = Debug;
		};
		B59E9BAE1EC361EC002018AE /* Release */ = {
			isa = XCBuildConfiguration;
			baseConfigurationReference = 0BC17A57F7A1793CA66C559C /* Pods-Tests-iOSTests.release.xcconfig */;
			buildSettings = {
				ALWAYS_SEARCH_USER_PATHS = NO;
				CLANG_ANALYZER_NONNULL = YES;
				CLANG_ANALYZER_NUMBER_OBJECT_CONVERSION = YES_AGGRESSIVE;
				CLANG_CXX_LANGUAGE_STANDARD = "gnu++0x";
				CLANG_CXX_LIBRARY = "libc++";
				CLANG_ENABLE_MODULES = YES;
				CLANG_ENABLE_OBJC_ARC = YES;
				CLANG_WARN_BOOL_CONVERSION = YES;
				CLANG_WARN_CONSTANT_CONVERSION = YES;
				CLANG_WARN_DIRECT_OBJC_ISA_USAGE = YES_ERROR;
				CLANG_WARN_DOCUMENTATION_COMMENTS = YES;
				CLANG_WARN_EMPTY_BODY = YES;
				CLANG_WARN_ENUM_CONVERSION = YES;
				CLANG_WARN_INFINITE_RECURSION = YES;
				CLANG_WARN_INT_CONVERSION = YES;
				CLANG_WARN_OBJC_ROOT_CLASS = YES_ERROR;
				CLANG_WARN_SUSPICIOUS_MOVE = YES;
				CLANG_WARN_UNREACHABLE_CODE = YES;
				CLANG_WARN__DUPLICATE_METHOD_MATCH = YES;
				"CODE_SIGN_IDENTITY[sdk=iphoneos*]" = "iPhone Developer";
				COPY_PHASE_STRIP = NO;
				DEBUG_INFORMATION_FORMAT = "dwarf-with-dsym";
				DEVELOPMENT_TEAM = "";
				ENABLE_NS_ASSERTIONS = NO;
				ENABLE_STRICT_OBJC_MSGSEND = YES;
				GCC_C_LANGUAGE_STANDARD = gnu99;
				GCC_NO_COMMON_BLOCKS = YES;
				GCC_WARN_64_TO_32_BIT_CONVERSION = YES;
				GCC_WARN_ABOUT_RETURN_TYPE = YES_ERROR;
				GCC_WARN_UNDECLARED_SELECTOR = YES;
				GCC_WARN_UNINITIALIZED_AUTOS = YES_AGGRESSIVE;
				GCC_WARN_UNUSED_FUNCTION = YES;
				GCC_WARN_UNUSED_VARIABLE = YES;
				INFOPLIST_FILE = iOSTests/Info.plist;
				IPHONEOS_DEPLOYMENT_TARGET = 10.0;
				LD_RUNPATH_SEARCH_PATHS = "$(inherited) @executable_path/Frameworks @loader_path/Frameworks";
				MTL_ENABLE_DEBUG_INFO = NO;
				PRODUCT_BUNDLE_IDENTIFIER = com.netcosports.tests.ios;
				PRODUCT_NAME = "$(TARGET_NAME)";
				PROVISIONING_PROFILE_SPECIFIER = "";
				SDKROOT = iphoneos;
				SWIFT_OBJC_BRIDGING_HEADER = "Bridging-Header.h";
				SWIFT_OPTIMIZATION_LEVEL = "-Owholemodule";
				SWIFT_VERSION = 4.0;
				VALIDATE_PRODUCT = YES;
			};
			name = Release;
		};
		B5D49AFC1F16981800FD2889 /* Debug */ = {
			isa = XCBuildConfiguration;
			baseConfigurationReference = 557BF3CDC1B1F8F2B0FB4BC5 /* Pods-Tests-macOSTests.debug.xcconfig */;
			buildSettings = {
				ALWAYS_SEARCH_USER_PATHS = NO;
				CLANG_ANALYZER_NONNULL = YES;
				CLANG_ANALYZER_NUMBER_OBJECT_CONVERSION = YES_AGGRESSIVE;
				CLANG_CXX_LANGUAGE_STANDARD = "gnu++0x";
				CLANG_CXX_LIBRARY = "libc++";
				CLANG_ENABLE_MODULES = YES;
				CLANG_ENABLE_OBJC_ARC = YES;
				CLANG_WARN_BOOL_CONVERSION = YES;
				CLANG_WARN_CONSTANT_CONVERSION = YES;
				CLANG_WARN_DIRECT_OBJC_ISA_USAGE = YES_ERROR;
				CLANG_WARN_DOCUMENTATION_COMMENTS = YES;
				CLANG_WARN_EMPTY_BODY = YES;
				CLANG_WARN_ENUM_CONVERSION = YES;
				CLANG_WARN_INFINITE_RECURSION = YES;
				CLANG_WARN_INT_CONVERSION = YES;
				CLANG_WARN_OBJC_ROOT_CLASS = YES_ERROR;
				CLANG_WARN_SUSPICIOUS_MOVE = YES;
				CLANG_WARN_UNREACHABLE_CODE = YES;
				CLANG_WARN__DUPLICATE_METHOD_MATCH = YES;
				CODE_SIGN_IDENTITY = "-";
				COMBINE_HIDPI_IMAGES = YES;
				COPY_PHASE_STRIP = NO;
				DEBUG_INFORMATION_FORMAT = dwarf;
				ENABLE_STRICT_OBJC_MSGSEND = YES;
				ENABLE_TESTABILITY = YES;
				GCC_C_LANGUAGE_STANDARD = gnu99;
				GCC_DYNAMIC_NO_PIC = NO;
				GCC_NO_COMMON_BLOCKS = YES;
				GCC_OPTIMIZATION_LEVEL = 0;
				GCC_PREPROCESSOR_DEFINITIONS = (
					"DEBUG=1",
					"$(inherited)",
				);
				GCC_WARN_64_TO_32_BIT_CONVERSION = YES;
				GCC_WARN_ABOUT_RETURN_TYPE = YES_ERROR;
				GCC_WARN_UNDECLARED_SELECTOR = YES;
				GCC_WARN_UNINITIALIZED_AUTOS = YES_AGGRESSIVE;
				GCC_WARN_UNUSED_FUNCTION = YES;
				GCC_WARN_UNUSED_VARIABLE = YES;
				INFOPLIST_FILE = macOSTests/Info.plist;
				LD_RUNPATH_SEARCH_PATHS = "$(inherited) @executable_path/../Frameworks @loader_path/../Frameworks";
				MACOSX_DEPLOYMENT_TARGET = 10.10;
				MTL_ENABLE_DEBUG_INFO = YES;
				ONLY_ACTIVE_ARCH = YES;
				PRODUCT_BUNDLE_IDENTIFIER = com.netcosports.tests.macos;
				PRODUCT_NAME = "$(TARGET_NAME)";
				SDKROOT = macosx;
				SWIFT_ACTIVE_COMPILATION_CONDITIONS = DEBUG;
				SWIFT_OBJC_BRIDGING_HEADER = "Bridging-Header.h";
				SWIFT_OPTIMIZATION_LEVEL = "-Onone";
				SWIFT_VERSION = 4.0;
			};
			name = Debug;
		};
		B5D49AFD1F16981800FD2889 /* Release */ = {
			isa = XCBuildConfiguration;
			baseConfigurationReference = 066A0114CDF0BE98AE176647 /* Pods-Tests-macOSTests.release.xcconfig */;
			buildSettings = {
				ALWAYS_SEARCH_USER_PATHS = NO;
				CLANG_ANALYZER_NONNULL = YES;
				CLANG_ANALYZER_NUMBER_OBJECT_CONVERSION = YES_AGGRESSIVE;
				CLANG_CXX_LANGUAGE_STANDARD = "gnu++0x";
				CLANG_CXX_LIBRARY = "libc++";
				CLANG_ENABLE_MODULES = YES;
				CLANG_ENABLE_OBJC_ARC = YES;
				CLANG_WARN_BOOL_CONVERSION = YES;
				CLANG_WARN_CONSTANT_CONVERSION = YES;
				CLANG_WARN_DIRECT_OBJC_ISA_USAGE = YES_ERROR;
				CLANG_WARN_DOCUMENTATION_COMMENTS = YES;
				CLANG_WARN_EMPTY_BODY = YES;
				CLANG_WARN_ENUM_CONVERSION = YES;
				CLANG_WARN_INFINITE_RECURSION = YES;
				CLANG_WARN_INT_CONVERSION = YES;
				CLANG_WARN_OBJC_ROOT_CLASS = YES_ERROR;
				CLANG_WARN_SUSPICIOUS_MOVE = YES;
				CLANG_WARN_UNREACHABLE_CODE = YES;
				CLANG_WARN__DUPLICATE_METHOD_MATCH = YES;
				CODE_SIGN_IDENTITY = "-";
				COMBINE_HIDPI_IMAGES = YES;
				COPY_PHASE_STRIP = NO;
				DEBUG_INFORMATION_FORMAT = "dwarf-with-dsym";
				ENABLE_NS_ASSERTIONS = NO;
				ENABLE_STRICT_OBJC_MSGSEND = YES;
				GCC_C_LANGUAGE_STANDARD = gnu99;
				GCC_NO_COMMON_BLOCKS = YES;
				GCC_WARN_64_TO_32_BIT_CONVERSION = YES;
				GCC_WARN_ABOUT_RETURN_TYPE = YES_ERROR;
				GCC_WARN_UNDECLARED_SELECTOR = YES;
				GCC_WARN_UNINITIALIZED_AUTOS = YES_AGGRESSIVE;
				GCC_WARN_UNUSED_FUNCTION = YES;
				GCC_WARN_UNUSED_VARIABLE = YES;
				INFOPLIST_FILE = macOSTests/Info.plist;
				LD_RUNPATH_SEARCH_PATHS = "$(inherited) @executable_path/../Frameworks @loader_path/../Frameworks";
				MACOSX_DEPLOYMENT_TARGET = 10.10;
				MTL_ENABLE_DEBUG_INFO = NO;
				PRODUCT_BUNDLE_IDENTIFIER = com.netcosports.tests.macos;
				PRODUCT_NAME = "$(TARGET_NAME)";
				SDKROOT = macosx;
				SWIFT_OBJC_BRIDGING_HEADER = "Bridging-Header.h";
				SWIFT_OPTIMIZATION_LEVEL = "-Owholemodule";
				SWIFT_VERSION = 4.0;
			};
			name = Release;
		};
/* End XCBuildConfiguration section */

/* Begin XCConfigurationList section */
		B56E8B931F16615600D5F227 /* Build configuration list for PBXNativeTarget "tvOSTests" */ = {
			isa = XCConfigurationList;
			buildConfigurations = (
				B56E8B911F16615600D5F227 /* Debug */,
				B56E8B921F16615600D5F227 /* Release */,
			);
			defaultConfigurationIsVisible = 0;
			defaultConfigurationName = Release;
		};
		B59E9B9F1EC361C1002018AE /* Build configuration list for PBXProject "Tests" */ = {
			isa = XCConfigurationList;
			buildConfigurations = (
				B59E9BA01EC361C1002018AE /* Debug */,
				B59E9BA11EC361C1002018AE /* Release */,
			);
			defaultConfigurationIsVisible = 0;
			defaultConfigurationName = Release;
		};
		B59E9BAC1EC361EC002018AE /* Build configuration list for PBXNativeTarget "iOSTests" */ = {
			isa = XCConfigurationList;
			buildConfigurations = (
				B59E9BAD1EC361EC002018AE /* Debug */,
				B59E9BAE1EC361EC002018AE /* Release */,
			);
			defaultConfigurationIsVisible = 0;
			defaultConfigurationName = Release;
		};
		B5D49AFE1F16981800FD2889 /* Build configuration list for PBXNativeTarget "macOSTests" */ = {
			isa = XCConfigurationList;
			buildConfigurations = (
				B5D49AFC1F16981800FD2889 /* Debug */,
				B5D49AFD1F16981800FD2889 /* Release */,
			);
			defaultConfigurationIsVisible = 0;
			defaultConfigurationName = Release;
		};
/* End XCConfigurationList section */
	};
	rootObject = B59E9B9C1EC361C1002018AE /* Project object */;
}
